
Microsoft Visual Studio Solution File, Format Version 12.00
# Visual Studio Version 17
VisualStudioVersion = 17.14.36203.30
MinimumVisualStudioVersion = 10.0.40219.1
Project("{54A90642-561A-4BB1-A94E-469ADEE60C69}") = "hire_go.client", "hire_go.client\hire_go.client.esproj", "{C14F5FEB-E082-8BA8-7715-61D141F7BE33}"
EndProject
Project("{FAE04EC0-301F-11D3-BF4B-00C04F79EFBC}") = "Hire-Go Server", "Hire-Go Server\Hire-Go Server.csproj", "{AE77CB02-4555-4B46-AD27-F48E7B521320}"
EndProject
Global
	GlobalSection(SolutionConfigurationPlatforms) = preSolution
		Debug|Any CPU = Debug|Any CPU
		Release|Any CPU = Release|Any CPU
	EndGlobalSection
	GlobalSection(ProjectConfigurationPlatforms) = postSolution
		{C14F5FEB-E082-8BA8-7715-61D141F7BE33}.Debug|Any CPU.ActiveCfg = Debug|Any CPU
		{C14F5FEB-E082-8BA8-7715-61D141F7BE33}.Debug|Any CPU.Build.0 = Debug|Any CPU
		{C14F5FEB-E082-8BA8-7715-61D141F7BE33}.Debug|Any CPU.Deploy.0 = Debug|Any CPU
		{C14F5FEB-E082-8BA8-7715-61D141F7BE33}.Release|Any CPU.ActiveCfg = Release|Any CPU
		{C14F5FEB-E082-8BA8-7715-61D141F7BE33}.Release|Any CPU.Build.0 = Release|Any CPU
		{C14F5FEB-E082-8BA8-7715-61D141F7BE33}.Release|Any CPU.Deploy.0 = Release|Any CPU
		{AE77CB02-4555-4B46-AD27-F48E7B521320}.Debug|Any CPU.ActiveCfg = Debug|Any CPU
		{AE77CB02-4555-4B46-AD27-F48E7B521320}.Debug|Any CPU.Build.0 = Debug|Any CPU
		{AE77CB02-4555-4B46-AD27-F48E7B521320}.Release|Any CPU.ActiveCfg = Release|Any CPU
		{AE77CB02-4555-4B46-AD27-F48E7B521320}.Release|Any CPU.Build.0 = Release|Any CPU
	EndGlobalSection
	GlobalSection(SolutionProperties) = preSolution
		HideSolutionNode = FALSE
	EndGlobalSection
	GlobalSection(ExtensibilityGlobals) = postSolution
		SolutionGuid = {F0870364-8BA7-4603-9FFE-D2A3BF649CDD}
	EndGlobalSection
EndGlobal
